{
  "name": "xinovo",
  "lockfileVersion": 3,
  "requires": true,
  "packages": {
    "": {
      "name": "xinovo",
      "devDependencies": {
        "parse5": "8.0.1"
      }
    },
    "node_modules/entities": {
      "version": "8.0.0",
      "dev": true,
      "license": "BSD-2-Clause",
      "engines": {
        "node": ">=20.19.0"
      },
      "funding": {
        "url": "https://github.com/fb55/entities?sponsor=1"
      }
    },
    "node_modules/parse5": {
      "version": "8.0.1",
      "dev": true,
      "license": "MIT",
      "dependencies": {
        "entities": "^8.0.0"
      },
      "funding": {
        "url": "https://github.com/inikulin/parse5?sponsor=1"
      }
    }
  }
}
